{
    "_readme": [
        "This file locks the dependencies of your project to a known state",
        "Read more about it at https://getcomposer.org/doc/01-basic-usage.md#installing-dependencies",
        "This file is @generated automatically"
    ],
    "content-hash": "d264c22586ad98f7589ac5aad28e2d2a",
    "packages": [
        {
            "name": "afragen/git-updater",
            "version": "12.20.0",
            "source": {
                "type": "git",
                "url": "https://github.com/afragen/git-updater.git",
                "reference": "26429ff03ce072f23447d88b9a2a94ac6c40d48c"
            },
            "dist": {
                "type": "zip",
                "url": "https://api.github.com/repos/afragen/git-updater/zipball/26429ff03ce072f23447d88b9a2a94ac6c40d48c",
                "reference": "26429ff03ce072f23447d88b9a2a94ac6c40d48c",
                "shasum": ""
            },
            "require": {
                "afragen/singleton": "^1.0",
                "afragen/wordpress-plugin-readme-parser": "^1",
                "afragen/wp-dismiss-notice": "*",
                "freemius/wordpress-sdk": "^2.12",
                "php": ">=8.0"
            },
            "require-dev": {
                "mcaskill/composer-exclude-files": "^4.0",
                "wp-coding-standards/wpcs": "^3.0.0"
            },
            "type": "wordpress-plugin",
            "extra": {
                "exclude-from-files": [
                    "freemius/wordpress-sdk/start.php"
                ]
            },
            "autoload": {
                "psr-4": {
                    "Fragen\\Git_Updater\\": "src/Git_Updater/"
                }
            },
            "notification-url": "https://packagist.org/downloads/",
            "license": [
                "MIT"
            ],
            "authors": [
                {
                    "name": "Andy Fragen",
                    "email": "andy@thefragens.com",
                    "homepage": "https://thefragens.com",
                    "role": "Developer"
                }
            ],
            "description": "A plugin to automatically update GitHub, Bitbucket, GitLab, or Gitea hosted plugins, themes, and language packs.",
            "keywords": [
                "plugin",
                "theme",
                "updater",
                "wordpress"
            ],
            "support": {
                "issues": "https://github.com/afragen/git-updater/issues",
                "source": "https://github.com/afragen/git-updater"
            },
            "funding": [
                {
                    "url": "https://github.com/afragen",
                    "type": "github"
                }
            ],
            "time": "2025-11-24T16:46:41+00:00"
        },
        {
            "name": "afragen/singleton",
            "version": "1.0.5",
            "source": {
                "type": "git",
                "url": "https://github.com/afragen/singleton.git",
                "reference": "c93d90651dcf027bcd365d81bccf1eda73fe2f2d"
            },
            "dist": {
                "type": "zip",
                "url": "https://api.github.com/repos/afragen/singleton/zipball/c93d90651dcf027bcd365d81bccf1eda73fe2f2d",
                "reference": "c93d90651dcf027bcd365d81bccf1eda73fe2f2d",
                "shasum": ""
            },
            "require": {
                "php": ">=5.6.5"
            },
            "type": "library",
            "autoload": {
                "classmap": [
                    "Singleton.php"
                ]
            },
            "notification-url": "https://packagist.org/downloads/",
            "license": [
                "MIT"
            ],
            "authors": [
                {
                    "name": "Andy Fragen",
                    "email": "andy@thefragens.com",
                    "homepage": "https://github.com/afragen/singleton",
                    "role": "Developer"
                }
            ],
            "description": "A singleton static proxy generator.",
            "keywords": [
                "singleton",
                "wordpress"
            ],
            "support": {
                "issues": "https://github.com/afragen/singleton/issues",
                "source": "https://github.com/afragen/singleton/tree/1.0.5"
            },
            "time": "2024-11-19T17:40:31+00:00"
        },
        {
            "name": "afragen/wordpress-plugin-readme-parser",
            "version": "1.2024.12.10",
            "source": {
                "type": "git",
                "url": "https://github.com/afragen/wordpress-plugin-readme-parser.git",
                "reference": "803ccfc442d956aa04d69f4b234eda5d7f03afc4"
            },
            "dist": {
                "type": "zip",
                "url": "https://api.github.com/repos/afragen/wordpress-plugin-readme-parser/zipball/803ccfc442d956aa04d69f4b234eda5d7f03afc4",
                "reference": "803ccfc442d956aa04d69f4b234eda5d7f03afc4",
                "shasum": ""
            },
            "require": {
                "erusev/parsedown": "^1.7",
                "php": ">=5.4"
            },
            "type": "library",
            "autoload": {
                "classmap": [
                    "class-parser.php"
                ]
            },
            "notification-url": "https://packagist.org/downloads/",
            "license": [
                "MIT"
            ],
            "authors": [
                {
                    "name": "WordPress.org",
                    "homepage": "https://meta.trac.wordpress.org/browser/sites/trunk/wordpress.org/public_html/wp-content/plugins/plugin-directory/readme"
                }
            ],
            "description": "A clone of the current WordPress.org Plugin Readme Parser, class-parser.php",
            "keywords": [
                "parser",
                "readme",
                "wordpress"
            ],
            "support": {
                "issues": "https://github.com/afragen/wordpress-plugin-readme-parser/issues",
                "source": "https://github.com/afragen/wordpress-plugin-readme-parser/tree/1.2024.12.10"
            },
            "time": "2024-12-10T23:43:17+00:00"
        },
        {
            "name": "afragen/wp-dismiss-notice",
            "version": "0.3.7",
            "source": {
                "type": "git",
                "url": "https://github.com/afragen/wp-dismiss-notice.git",
                "reference": "3e2c694ca891fe94771457f54a3a5457a70c0aec"
            },
            "dist": {
                "type": "zip",
                "url": "https://api.github.com/repos/afragen/wp-dismiss-notice/zipball/3e2c694ca891fe94771457f54a3a5457a70c0aec",
                "reference": "3e2c694ca891fe94771457f54a3a5457a70c0aec",
                "shasum": ""
            },
            "require": {
                "php": ">=5.6"
            },
            "type": "library",
            "autoload": {
                "classmap": [
                    "wp-dismiss-notice.php"
                ]
            },
            "notification-url": "https://packagist.org/downloads/",
            "license": [
                "MIT"
            ],
            "authors": [
                {
                    "name": "Andy Fragen",
                    "email": "andy@thefragens.com",
                    "homepage": "https://thefragens.com",
                    "role": "Developer"
                }
            ],
            "description": "Library for time dismissible WordPress admin notices.",
            "support": {
                "issues": "https://github.com/afragen/wp-dismiss-notice/issues",
                "source": "https://github.com/afragen/wp-dismiss-notice"
            },
            "time": "2023-05-30T21:45:15+00:00"
        },
        {
            "name": "composer/installers",
            "version": "v2.3.0",
            "source": {
                "type": "git",
                "url": "https://github.com/composer/installers.git",
                "reference": "12fb2dfe5e16183de69e784a7b84046c43d97e8e"
            },
            "dist": {
                "type": "zip",
                "url": "https://api.github.com/repos/composer/installers/zipball/12fb2dfe5e16183de69e784a7b84046c43d97e8e",
                "reference": "12fb2dfe5e16183de69e784a7b84046c43d97e8e",
                "shasum": ""
            },
            "require": {
                "composer-plugin-api": "^1.0 || ^2.0",
                "php": "^7.2 || ^8.0"
            },
            "require-dev": {
                "composer/composer": "^1.10.27 || ^2.7",
                "composer/semver": "^1.7.2 || ^3.4.0",
                "phpstan/phpstan": "^1.11",
                "phpstan/phpstan-phpunit": "^1",
                "symfony/phpunit-bridge": "^7.1.1",
                "symfony/process": "^5 || ^6 || ^7"
            },
            "type": "composer-plugin",
            "extra": {
                "class": "Composer\\Installers\\Plugin",
                "branch-alias": {
                    "dev-main": "2.x-dev"
                },
                "plugin-modifies-install-path": true
            },
            "autoload": {
                "psr-4": {
                    "Composer\\Installers\\": "src/Composer/Installers"
                }
            },
            "notification-url": "https://packagist.org/downloads/",
            "license": [
                "MIT"
            ],
            "authors": [
                {
                    "name": "Kyle Robinson Young",
                    "email": "kyle@dontkry.com",
                    "homepage": "https://github.com/shama"
                }
            ],
            "description": "A multi-framework Composer library installer",
            "homepage": "https://composer.github.io/installers/",
            "keywords": [
                "Dolibarr",
                "Eliasis",
                "Hurad",
                "ImageCMS",
                "Kanboard",
                "Lan Management System",
                "MODX Evo",
                "MantisBT",
                "Mautic",
                "Maya",
                "OXID",
                "Plentymarkets",
                "Porto",
                "RadPHP",
                "SMF",
                "Starbug",
                "Thelia",
                "Whmcs",
                "WolfCMS",
                "agl",
                "annotatecms",
                "attogram",
                "bitrix",
                "cakephp",
                "chef",
                "cockpit",
                "codeigniter",
                "concrete5",
                "concreteCMS",
                "croogo",
                "dokuwiki",
                "drupal",
                "eZ Platform",
                "elgg",
                "expressionengine",
                "fuelphp",
                "grav",
                "installer",
                "itop",
                "known",
                "kohana",
                "laravel",
                "lavalite",
                "lithium",
                "magento",
                "majima",
                "mako",
                "matomo",
                "mediawiki",
                "miaoxing",
                "modulework",
                "modx",
                "moodle",
                "osclass",
                "pantheon",
                "phpbb",
                "piwik",
                "ppi",
                "processwire",
                "puppet",
                "pxcms",
                "reindex",
                "roundcube",
                "shopware",
                "silverstripe",
                "sydes",
                "sylius",
                "tastyigniter",
                "wordpress",
                "yawik",
                "zend",
                "zikula"
            ],
            "support": {
                "issues": "https://github.com/composer/installers/issues",
                "source": "https://github.com/composer/installers/tree/v2.3.0"
            },
            "funding": [
                {
                    "url": "https://packagist.com",
                    "type": "custom"
                },
                {
                    "url": "https://github.com/composer",
                    "type": "github"
                },
                {
                    "url": "https://tidelift.com/funding/github/packagist/composer/composer",
                    "type": "tidelift"
                }
            ],
            "time": "2024-06-24T20:46:46+00:00"
        },
        {
            "name": "erusev/parsedown",
            "version": "1.7.4",
            "source": {
                "type": "git",
                "url": "https://github.com/erusev/parsedown.git",
                "reference": "cb17b6477dfff935958ba01325f2e8a2bfa6dab3"
            },
            "dist": {
                "type": "zip",
                "url": "https://api.github.com/repos/erusev/parsedown/zipball/cb17b6477dfff935958ba01325f2e8a2bfa6dab3",
                "reference": "cb17b6477dfff935958ba01325f2e8a2bfa6dab3",
                "shasum": ""
            },
            "require": {
                "ext-mbstring": "*",
                "php": ">=5.3.0"
            },
            "require-dev": {
                "phpunit/phpunit": "^4.8.35"
            },
            "type": "library",
            "autoload": {
                "psr-0": {
                    "Parsedown": ""
                }
            },
            "notification-url": "https://packagist.org/downloads/",
            "license": [
                "MIT"
            ],
            "authors": [
                {
                    "name": "Emanuil Rusev",
                    "email": "hello@erusev.com",
                    "homepage": "http://erusev.com"
                }
            ],
            "description": "Parser for Markdown.",
            "homepage": "http://parsedown.org",
            "keywords": [
                "markdown",
                "parser"
            ],
            "support": {
                "issues": "https://github.com/erusev/parsedown/issues",
                "source": "https://github.com/erusev/parsedown/tree/1.7.x"
            },
            "time": "2019-12-30T22:54:17+00:00"
        },
        {
            "name": "fair/mini-fair-repo",
            "version": "dev-main",
            "source": {
                "type": "git",
                "url": "https://github.com/fairpm/mini-fair-repo.git",
                "reference": "bad7b3ae3d29678e14a8233bfb93daa1af689c3d"
            },
            "type": "wordpress-plugin",
            "license": [
                "GPL-2.0-or-later"
            ],
            "authors": [
                {
                    "name": "FAIR Contributors",
                    "homepage": "https://fair.pm"
                }
            ],
            "description": "Self-hostable FAIR repo, designed for small-scale",
            "support": {
                "issues": "https://github.com/fairpm/mini-fair-repo/issues",
                "source": "https://github.com/fairpm/mini-fair-repo"
            }
        },
        {
            "name": "fairpm/fair-plugin",
            "version": "1.1.0",
            "source": {
                "type": "git",
                "url": "https://github.com/fairpm/fair-plugin.git",
                "reference": "acf1fb9fd76021fcf7f00906ca056ba47cfc4a96"
            },
            "dist": {
                "type": "zip",
                "url": "https://api.github.com/repos/fairpm/fair-plugin/zipball/acf1fb9fd76021fcf7f00906ca056ba47cfc4a96",
                "reference": "acf1fb9fd76021fcf7f00906ca056ba47cfc4a96",
                "shasum": ""
            },
            "require": {
                "php": ">=7.4"
            },
            "require-dev": {
                "humanmade/coding-standards": "^1.2",
                "nimut/phpunit-merger": "*",
                "yoast/phpunit-polyfills": "*"
            },
            "type": "wordpress-plugin",
            "scripts": {
                "lint": [
                    "@php ./vendor/bin/phpcs ."
                ],
                "format": [
                    "@php ./vendor/bin/phpcbf ."
                ],
                "test": [
                    "Composer\\Config::disableProcessTimeout",
                    "@php ./vendor/phpunit/phpunit/phpunit"
                ],
                "test:multisite": [
                    "Composer\\Config::disableProcessTimeout",
                    "@php ./vendor/phpunit/phpunit/phpunit -c tests/phpunit/multisite.xml"
                ],
                "coverage:merge": [
                    "Composer\\Config::disableProcessTimeout",
                    "@putenv XDEBUG_MODE=coverage",
                    "@php ./vendor/bin/phpunit-merger coverage tests/phpunit/coverage/php --html tests/phpunit/coverage/html/full tests/phpunit/cache/full-cache.xml"
                ],
                "coverage:single": [
                    "Composer\\Config::disableProcessTimeout",
                    "@putenv XDEBUG_MODE=off",
                    "@putenv WP_TESTS_SKIP_INSTALL=0",
                    "@test --filter prime_test_suite",
                    "@putenv XDEBUG_MODE=coverage",
                    "@putenv WP_TESTS_SKIP_INSTALL=1",
                    "@test"
                ],
                "coverage:multisite": [
                    "Composer\\Config::disableProcessTimeout",
                    "@putenv XDEBUG_MODE=off",
                    "@putenv WP_TESTS_SKIP_INSTALL=0",
                    "@test:multisite --filter prime_test_suite",
                    "@putenv XDEBUG_MODE=coverage",
                    "@putenv WP_TESTS_SKIP_INSTALL=1",
                    "@test:multisite"
                ],
                "coverage:full": [
                    "Composer\\Config::disableProcessTimeout",
                    "@coverage:single",
                    "@coverage:multisite",
                    "@coverage:merge"
                ]
            },
            "license": [
                "gpl-2.0-only"
            ],
            "authors": [
                {
                    "name": "FAIR Contributors",
                    "email": "operations@fair.pm",
                    "homepage": "https://fair.pm"
                }
            ],
            "description": "Make your site more FAIR.",
            "support": {
                "issues": "https://github.com/fairpm/fair-plugin/issues",
                "source": "https://github.com/fairpm/fair-plugin",
                "docs": "https://github.com/fairpm/fair-plugin/blob/main/README.md"
            },
            "time": "2025-11-07T00:13:34+00:00"
        },
        {
            "name": "freemius/wordpress-sdk",
            "version": "2.13.0",
            "source": {
                "type": "git",
                "url": "https://github.com/Freemius/wordpress-sdk.git",
                "reference": "3cbe98b5bd0b0fb5ca4df97b8088592737ea4375"
            },
            "dist": {
                "type": "zip",
                "url": "https://api.github.com/repos/Freemius/wordpress-sdk/zipball/3cbe98b5bd0b0fb5ca4df97b8088592737ea4375",
                "reference": "3cbe98b5bd0b0fb5ca4df97b8088592737ea4375",
                "shasum": ""
            },
            "require": {
                "php": ">=5.6"
            },
            "require-dev": {
                "dealerdirect/phpcodesniffer-composer-installer": "^1.0",
                "phpcompatibility/php-compatibility": "^9.3",
                "phpcompatibility/phpcompatibility-wp": "^2.1",
                "phpstan/extension-installer": "^1.3",
                "squizlabs/php_codesniffer": "^3.7",
                "szepeviktor/phpstan-wordpress": "^1.3",
                "wp-coding-standards/wpcs": "^2.3"
            },
            "type": "library",
            "autoload": {
                "files": [
                    "start.php"
                ]
            },
            "notification-url": "https://packagist.org/downloads/",
            "license": [
                "GPL-3.0-only"
            ],
            "description": "Freemius WordPress SDK",
            "homepage": "https://freemius.com",
            "keywords": [
                "freemius",
                "plugin",
                "sdk",
                "theme",
                "wordpress",
                "wordpress-plugin",
                "wordpress-theme"
            ],
            "support": {
                "issues": "https://github.com/Freemius/wordpress-sdk/issues",
                "source": "https://github.com/Freemius/wordpress-sdk/tree/2.13.0"
            },
            "time": "2025-11-11T07:52:08+00:00"
        }
    ],
    "packages-dev": [],
    "aliases": [],
    "minimum-stability": "dev",
    "stability-flags": {
        "fair/mini-fair-repo": 20
    },
    "prefer-stable": true,
    "prefer-lowest": false,
    "platform": {},
    "platform-dev": {},
    "plugin-api-version": "2.6.0"
}
